
Microsoft Visual Studio Solution File, Format Version 12.00
# Visual Studio 16
Project("{FAE04EC0-301F-11D3-BF4B-00C04F79EFBC}") = "Assembly-CSharp", "Assembly-CSharp.csproj", "{3959CB03-CDC2-FC8B-DC55-EA7BC9EABF6D}"
EndProject
Project("{FAE04EC0-301F-11D3-BF4B-00C04F79EFBC}") = "Unity.2D.Tilemap.Extras", "Unity.2D.Tilemap.Extras.csproj", "{D9C19ADF-8971-78E7-2DF8-153D78A3BC82}"
EndProject
Project("{FAE04EC0-301F-11D3-BF4B-00C04F79EFBC}") = "Unity.2D.Tilemap.Extras.Editor", "Unity.2D.Tilemap.Extras.Editor.csproj", "{3108EA07-D6F9-BDC2-C4BE-3E8A51E1B701}"
EndProject
Project("{FAE04EC0-301F-11D3-BF4B-00C04F79EFBC}") = "Unity.2D.Tilemap.Extras.Placeholder.EditorTests", "Unity.2D.Tilemap.Extras.Placeholder.EditorTests.csproj", "{AB94C04D-7B3C-ADF9-F638-5CA8172ABD75}"
EndProject
Global
	GlobalSection(SolutionConfigurationPlatforms) = preSolution
		Debug|Any CPU = Debug|Any CPU
		Release|Any CPU = Release|Any CPU
	EndGlobalSection
	GlobalSection(ProjectConfigurationPlatforms) = postSolution
		{3959CB03-CDC2-FC8B-DC55-EA7BC9EABF6D}.Debug|Any CPU.ActiveCfg = Debug|Any CPU
		{3959CB03-CDC2-FC8B-DC55-EA7BC9EABF6D}.Debug|Any CPU.Build.0 = Debug|Any CPU
		{3959CB03-CDC2-FC8B-DC55-EA7BC9EABF6D}.Release|Any CPU.ActiveCfg = Release|Any CPU
		{3959CB03-CDC2-FC8B-DC55-EA7BC9EABF6D}.Release|Any CPU.Build.0 = Release|Any CPU
		{D9C19ADF-8971-78E7-2DF8-153D78A3BC82}.Debug|Any CPU.ActiveCfg = Debug|Any CPU
		{D9C19ADF-8971-78E7-2DF8-153D78A3BC82}.Debug|Any CPU.Build.0 = Debug|Any CPU
		{D9C19ADF-8971-78E7-2DF8-153D78A3BC82}.Release|Any CPU.ActiveCfg = Release|Any CPU
		{D9C19ADF-8971-78E7-2DF8-153D78A3BC82}.Release|Any CPU.Build.0 = Release|Any CPU
		{3108EA07-D6F9-BDC2-C4BE-3E8A51E1B701}.Debug|Any CPU.ActiveCfg = Debug|Any CPU
		{3108EA07-D6F9-BDC2-C4BE-3E8A51E1B701}.Debug|Any CPU.Build.0 = Debug|Any CPU
		{3108EA07-D6F9-BDC2-C4BE-3E8A51E1B701}.Release|Any CPU.ActiveCfg = Release|Any CPU
		{3108EA07-D6F9-BDC2-C4BE-3E8A51E1B701}.Release|Any CPU.Build.0 = Release|Any CPU
		{AB94C04D-7B3C-ADF9-F638-5CA8172ABD75}.Debug|Any CPU.ActiveCfg = Debug|Any CPU
		{AB94C04D-7B3C-ADF9-F638-5CA8172ABD75}.Debug|Any CPU.Build.0 = Debug|Any CPU
		{AB94C04D-7B3C-ADF9-F638-5CA8172ABD75}.Release|Any CPU.ActiveCfg = Release|Any CPU
		{AB94C04D-7B3C-ADF9-F638-5CA8172ABD75}.Release|Any CPU.Build.0 = Release|Any CPU
	EndGlobalSection
	GlobalSection(SolutionProperties) = preSolution
		HideSolutionNode = FALSE
	EndGlobalSection
EndGlobal
